
Microsoft Visual Studio Solution File, Format Version 12.00
# Visual Studio Version 17
VisualStudioVersion = 17.2.32616.157
MinimumVisualStudioVersion = 10.0.40219.1
Project("{FAE04EC0-301F-11D3-BF4B-00C04F79EFBC}") = "OCPP.Net", "OCPP.Net.csproj", "{4D6F1431-D203-4300-ABBA-9BC69362BA74}"
EndProject
Project("{FAE04EC0-301F-11D3-BF4B-00C04F79EFBC}") = "OCPP.Net.Tests", "..\OCPP.Net.Tests\OCPP.Net.Tests.csproj", "{DCFBC29F-4903-4DEF-8843-60901A04BC95}"
EndProject
Global
	GlobalSection(SolutionConfigurationPlatforms) = preSolution
		Debug|Any CPU = Debug|Any CPU
		Release|Any CPU = Release|Any CPU
	EndGlobalSection
	GlobalSection(ProjectConfigurationPlatforms) = postSolution
		{4D6F1431-D203-4300-ABBA-9BC69362BA74}.Debug|Any CPU.ActiveCfg = Debug|Any CPU
		{4D6F1431-D203-4300-ABBA-9BC69362BA74}.Debug|Any CPU.Build.0 = Debug|Any CPU
		{4D6F1431-D203-4300-ABBA-9BC69362BA74}.Release|Any CPU.ActiveCfg = Release|Any CPU
		{4D6F1431-D203-4300-ABBA-9BC69362BA74}.Release|Any CPU.Build.0 = Release|Any CPU
		{DCFBC29F-4903-4DEF-8843-60901A04BC95}.Debug|Any CPU.ActiveCfg = Debug|Any CPU
		{DCFBC29F-4903-4DEF-8843-60901A04BC95}.Debug|Any CPU.Build.0 = Debug|Any CPU
		{DCFBC29F-4903-4DEF-8843-60901A04BC95}.Release|Any CPU.ActiveCfg = Release|Any CPU
		{DCFBC29F-4903-4DEF-8843-60901A04BC95}.Release|Any CPU.Build.0 = Release|Any CPU
	EndGlobalSection
	GlobalSection(SolutionProperties) = preSolution
		HideSolutionNode = FALSE
	EndGlobalSection
	GlobalSection(ExtensibilityGlobals) = postSolution
		SolutionGuid = {537F2485-2550-4831-985D-9CBAC9756EFE}
	EndGlobalSection
EndGlobal
